
Microsoft Visual Studio Solution File, Format Version 12.00
# Visual Studio 15
VisualStudioVersion = 15.0.27703.2035
MinimumVisualStudioVersion = 10.0.40219.1
Project("{FAE04EC0-301F-11D3-BF4B-00C04F79EFBC}") = "ReuseLibrary", "ReuseLibrary\ReuseLibrary.csproj", "{1CDDEFE4-BCBD-4376-AD68-9C76B6CE9997}"
EndProject
Project("{FAE04EC0-301F-11D3-BF4B-00C04F79EFBC}") = "UnitTestProject", "UnitTestProject\UnitTestProject.csproj", "{700F61DE-65C9-49E8-9151-6B73B93D5700}"
EndProject
Global
	GlobalSection(SolutionConfigurationPlatforms) = preSolution
		Debug|Any CPU = Debug|Any CPU
		Release|Any CPU = Release|Any CPU
	EndGlobalSection
	GlobalSection(ProjectConfigurationPlatforms) = postSolution
		{1CDDEFE4-BCBD-4376-AD68-9C76B6CE9997}.Debug|Any CPU.ActiveCfg = Debug|Any CPU
		{1CDDEFE4-BCBD-4376-AD68-9C76B6CE9997}.Debug|Any CPU.Build.0 = Debug|Any CPU
		{1CDDEFE4-BCBD-4376-AD68-9C76B6CE9997}.Release|Any CPU.ActiveCfg = Release|Any CPU
		{1CDDEFE4-BCBD-4376-AD68-9C76B6CE9997}.Release|Any CPU.Build.0 = Release|Any CPU
		{700F61DE-65C9-49E8-9151-6B73B93D5700}.Debug|Any CPU.ActiveCfg = Debug|Any CPU
		{700F61DE-65C9-49E8-9151-6B73B93D5700}.Debug|Any CPU.Build.0 = Debug|Any CPU
		{700F61DE-65C9-49E8-9151-6B73B93D5700}.Release|Any CPU.ActiveCfg = Release|Any CPU
		{700F61DE-65C9-49E8-9151-6B73B93D5700}.Release|Any CPU.Build.0 = Release|Any CPU
	EndGlobalSection
	GlobalSection(SolutionProperties) = preSolution
		HideSolutionNode = FALSE
	EndGlobalSection
	GlobalSection(ExtensibilityGlobals) = postSolution
		SolutionGuid = {BFA18727-3891-4309-971B-96CE6CF1B6CB}
	EndGlobalSection
EndGlobal
